
Microsoft Visual Studio Solution File, Format Version 12.00
# Visual Studio Version 17
VisualStudioVersion = 17.0.31903.59
MinimumVisualStudioVersion = 10.0.40219.1
Project("{FAE04EC0-301F-11D3-BF4B-00C04F79EFBC}") = "App", "App\App.csproj", "{4C7C67E2-E0DD-4F7C-BDD3-251EFB07AE3B}"
EndProject
Project("{FAE04EC0-301F-11D3-BF4B-00C04F79EFBC}") = "Lib", "Lib\Lib.csproj", "{132C9DDC-8B29-4ADB-BFAA-0E72CFAB5E33}"
EndProject
Project("{FAE04EC0-301F-11D3-BF4B-00C04F79EFBC}") = "Tests", "Tests\Tests.csproj", "{FBD0C56D-D53D-4661-8743-72C095F5AD67}"
EndProject
Global
	GlobalSection(SolutionConfigurationPlatforms) = preSolution
		Debug|Any CPU = Debug|Any CPU
		Release|Any CPU = Release|Any CPU
	EndGlobalSection
	GlobalSection(SolutionProperties) = preSolution
		HideSolutionNode = FALSE
	EndGlobalSection
	GlobalSection(ProjectConfigurationPlatforms) = postSolution
		{4C7C67E2-E0DD-4F7C-BDD3-251EFB07AE3B}.Debug|Any CPU.ActiveCfg = Debug|Any CPU
		{4C7C67E2-E0DD-4F7C-BDD3-251EFB07AE3B}.Debug|Any CPU.Build.0 = Debug|Any CPU
		{4C7C67E2-E0DD-4F7C-BDD3-251EFB07AE3B}.Release|Any CPU.ActiveCfg = Release|Any CPU
		{4C7C67E2-E0DD-4F7C-BDD3-251EFB07AE3B}.Release|Any CPU.Build.0 = Release|Any CPU
		{132C9DDC-8B29-4ADB-BFAA-0E72CFAB5E33}.Debug|Any CPU.ActiveCfg = Debug|Any CPU
		{132C9DDC-8B29-4ADB-BFAA-0E72CFAB5E33}.Debug|Any CPU.Build.0 = Debug|Any CPU
		{132C9DDC-8B29-4ADB-BFAA-0E72CFAB5E33}.Release|Any CPU.ActiveCfg = Release|Any CPU
		{132C9DDC-8B29-4ADB-BFAA-0E72CFAB5E33}.Release|Any CPU.Build.0 = Release|Any CPU
		{FBD0C56D-D53D-4661-8743-72C095F5AD67}.Debug|Any CPU.ActiveCfg = Debug|Any CPU
		{FBD0C56D-D53D-4661-8743-72C095F5AD67}.Debug|Any CPU.Build.0 = Debug|Any CPU
		{FBD0C56D-D53D-4661-8743-72C095F5AD67}.Release|Any CPU.ActiveCfg = Release|Any CPU
		{FBD0C56D-D53D-4661-8743-72C095F5AD67}.Release|Any CPU.Build.0 = Release|Any CPU
	EndGlobalSection
EndGlobal
